
Microsoft Visual Studio Solution File, Format Version 12.00
# Visual Studio Version 17
VisualStudioVersion = 17.10.35027.167
MinimumVisualStudioVersion = 10.0.40219.1
Project("{FAE04EC0-301F-11D3-BF4B-00C04F79EFBC}") = "LibraryPracticeV02", "LibraryPracticeV02\LibraryPracticeV02.csproj", "{8C5BE64B-6AC7-410F-B8FF-52AA1554B5A1}"
EndProject
Project("{FAE04EC0-301F-11D3-BF4B-00C04F79EFBC}") = "DataAccessLayer", "DataAccessLayer\DataAccessLayer.csproj", "{05600389-7FD1-4E46-8FD6-FB5376BFE90D}"
EndProject
Global
	GlobalSection(SolutionConfigurationPlatforms) = preSolution
		Debug|Any CPU = Debug|Any CPU
		Release|Any CPU = Release|Any CPU
	EndGlobalSection
	GlobalSection(ProjectConfigurationPlatforms) = postSolution
		{8C5BE64B-6AC7-410F-B8FF-52AA1554B5A1}.Debug|Any CPU.ActiveCfg = Debug|Any CPU
		{8C5BE64B-6AC7-410F-B8FF-52AA1554B5A1}.Debug|Any CPU.Build.0 = Debug|Any CPU
		{8C5BE64B-6AC7-410F-B8FF-52AA1554B5A1}.Release|Any CPU.ActiveCfg = Release|Any CPU
		{8C5BE64B-6AC7-410F-B8FF-52AA1554B5A1}.Release|Any CPU.Build.0 = Release|Any CPU
		{05600389-7FD1-4E46-8FD6-FB5376BFE90D}.Debug|Any CPU.ActiveCfg = Debug|Any CPU
		{05600389-7FD1-4E46-8FD6-FB5376BFE90D}.Debug|Any CPU.Build.0 = Debug|Any CPU
		{05600389-7FD1-4E46-8FD6-FB5376BFE90D}.Release|Any CPU.ActiveCfg = Release|Any CPU
		{05600389-7FD1-4E46-8FD6-FB5376BFE90D}.Release|Any CPU.Build.0 = Release|Any CPU
	EndGlobalSection
	GlobalSection(SolutionProperties) = preSolution
		HideSolutionNode = FALSE
	EndGlobalSection
	GlobalSection(ExtensibilityGlobals) = postSolution
		SolutionGuid = {8C1F88E5-2BDA-4B81-AA2C-794C8EF21B3F}
	EndGlobalSection
EndGlobal
